<?xml version="1.0" encoding="utf-8"?>
<Project ToolsVersion="4.0" xmlns="http://schemas.microsoft.com/developer/msbuild/2003">
  <ItemGroup>
    <Filter Include="源文件">
      <UniqueIdentifier>{4FC737F1-C7A5-4376-A066-2A32D752A2FF}</UniqueIdentifier>
      <Extensions>cpp;c;cc;cxx;def;odl;idl;hpj;bat;asm;asmx</Extensions>
    </Filter>
    <Filter Include="头文件">
      <UniqueIdentifier>{93995380-89BD-4b04-88EB-625FBE52EBFB}</UniqueIdentifier>
      <Extensions>h;hpp;hxx;hm;inl;inc;xsd</Extensions>
    </Filter>
    <Filter Include="资源文件">
      <UniqueIdentifier>{67DA6AB6-F800-4c08-8B7A-83BB121AAD01}</UniqueIdentifier>
      <Extensions>rc;ico;cur;bmp;dlg;rc2;rct;bin;rgs;gif;jpg;jpeg;jpe;resx;tiff;tif;png;wav;mfcribbon-ms</Extensions>
    </Filter>
  </ItemGroup>
  <ItemGroup>
    <ClCompile Include="..\..\..\libkvconfig\kvconfig.cpp">
      <Filter>源文件</Filter>
    </ClCompile>
    <ClCompile Include="..\..\..\libptz\ptz.cpp">
      <Filter>源文件</Filter>
    </ClCompile>
    <ClCompile Include="..\..\..\libptz\tcp_util.cpp">
      <Filter>源文件</Filter>
    </ClCompile>
    <ClCompile Include="..\..\..\libteacher_detect\detect_dummy.cpp">
      <Filter>源文件</Filter>
    </ClCompile>
    <ClCompile Include="..\..\..\teacher_track\cJSON.c">
      <Filter>源文件</Filter>
    </ClCompile>
    <ClCompile Include="..\..\..\teacher_track\detector.cpp">
      <Filter>源文件</Filter>
    </ClCompile>
    <ClCompile Include="..\..\..\teacher_track\fsm.cpp">
      <Filter>源文件</Filter>
    </ClCompile>
    <ClCompile Include="..\..\..\teacher_track\log.cpp">
      <Filter>源文件</Filter>
    </ClCompile>
    <ClCompile Include="..\..\..\teacher_track\policy.cpp">
      <Filter>源文件</Filter>
    </ClCompile>
    <ClCompile Include="..\..\..\teacher_track\teacher_track.cpp">
      <Filter>源文件</Filter>
    </ClCompile>
    <ClCompile Include="..\..\..\teacher_track\udpsrv.cpp">
      <Filter>源文件</Filter>
    </ClCompile>
    <ClCompile Include="..\..\..\teacher_track\policy\p1.cpp">
      <Filter>源文件</Filter>
    </ClCompile>
    <ClCompile Include="..\..\..\teacher_track\runtime.cpp">
      <Filter>源文件</Filter>
    </ClCompile>
    <ClCompile Include="..\..\..\teacher_track\switch.cpp">
      <Filter>源文件</Filter>
    </ClCompile>
    <ClCompile Include="..\..\..\libptz\polyfit.cpp">
      <Filter>源文件</Filter>
    </ClCompile>
    <ClCompile Include="..\..\..\teacher_track\policy\p2.cpp">
      <Filter>源文件</Filter>
    </ClCompile>
    <ClCompile Include="..\..\..\teacher_track\policy\p3.cpp">
      <Filter>源文件</Filter>
    </ClCompile>
  </ItemGroup>
  <ItemGroup>
    <ClInclude Include="..\..\..\libkvconfig\kvconfig.h">
      <Filter>头文件</Filter>
    </ClInclude>
    <ClInclude Include="..\..\..\libptz\ptz.h">
      <Filter>头文件</Filter>
    </ClInclude>
    <ClInclude Include="..\..\..\libptz\tcp_util.h">
      <Filter>头文件</Filter>
    </ClInclude>
    <ClInclude Include="..\..\..\libteacher_detect\detect.h">
      <Filter>头文件</Filter>
    </ClInclude>
    <ClInclude Include="..\..\..\teacher_track\cJSON.h">
      <Filter>头文件</Filter>
    </ClInclude>
    <ClInclude Include="..\..\..\teacher_track\detector.h">
      <Filter>头文件</Filter>
    </ClInclude>
    <ClInclude Include="..\..\..\teacher_track\evt.h">
      <Filter>头文件</Filter>
    </ClInclude>
    <ClInclude Include="..\..\..\teacher_track\fsm.h">
      <Filter>头文件</Filter>
    </ClInclude>
    <ClInclude Include="..\..\..\teacher_track\log.h">
      <Filter>头文件</Filter>
    </ClInclude>
    <ClInclude Include="..\..\..\teacher_track\policy.h">
      <Filter>头文件</Filter>
    </ClInclude>
    <ClInclude Include="..\..\..\teacher_track\runtime.h">
      <Filter>头文件</Filter>
    </ClInclude>
    <ClInclude Include="..\..\..\teacher_track\udpsrv.h">
      <Filter>头文件</Filter>
    </ClInclude>
    <ClInclude Include="..\..\..\teacher_track\utils.h">
      <Filter>头文件</Filter>
    </ClInclude>
    <ClInclude Include="..\..\..\teacher_track\policy\p1.h">
      <Filter>头文件</Filter>
    </ClInclude>
    <ClInclude Include="..\..\..\teacher_track\switch.h">
      <Filter>头文件</Filter>
    </ClInclude>
    <ClInclude Include="..\..\..\teacher_track\policy\p2.h">
      <Filter>头文件</Filter>
    </ClInclude>
    <ClInclude Include="..\..\..\teacher_track\policy\p3.h">
      <Filter>头文件</Filter>
    </ClInclude>
  </ItemGroup>
</Project>